{
  "version": 4,
  "terraform_version": "1.14.0",
  "serial": 15,
  "lineage": "fb4861fc-cbda-1df5-313c-488886e872d3",
  "outputs": {
    "artifact_bucket_arn": {
      "value": "arn:aws:s3:::mcp-tools-20260121000919294600000001",
      "type": "string"
    },
    "artifact_bucket_name": {
      "value": "mcp-tools-20260121000919294600000001",
      "type": "string"
    },
    "artifact_bucket_region": {
      "value": "us-east-1",
      "type": "string"
    },
    "cloudwatch_log_group_arn": {
      "value": "arn:aws:logs:us-east-1:729387880063:log-group:/aws/lambda/mcpjungle-mcp-launcher",
      "type": "string"
    },
    "cloudwatch_log_group_name": {
      "value": "/aws/lambda/mcpjungle-mcp-launcher",
      "type": "string"
    },
    "ecr_repository_arn": {
      "value": "arn:aws:ecr:us-east-1:729387880063:repository/mcpjungle-mcp-dynamic-adapter",
      "type": "string"
    },
    "ecr_repository_name": {
      "value": "mcpjungle-mcp-dynamic-adapter",
      "type": "string"
    },
    "ecr_repository_url": {
      "value": "729387880063.dkr.ecr.us-east-1.amazonaws.com/mcpjungle-mcp-dynamic-adapter",
      "type": "string"
    },
    "lambda_function_name": {
      "value": "mcpjungle-mcp-launcher",
      "type": "string"
    },
    "lambda_role_arn": {
      "value": "arn:aws:iam::729387880063:role/mcpjungle-mcp_dynamic_role",
      "type": "string"
    },
    "lambda_role_name": {
      "value": "mcpjungle-mcp_dynamic_role",
      "type": "string"
    }
  },
  "resources": [
    {
      "mode": "managed",
      "type": "aws_cloudwatch_log_group",
      "name": "lambda_logs",
      "provider": "provider[\"registry.terraform.io/hashicorp/aws\"]",
      "instances": [
        {
          "schema_version": 0,
          "attributes": {
            "arn": "arn:aws:logs:us-east-1:729387880063:log-group:/aws/lambda/mcpjungle-mcp-launcher",
            "deletion_protection_enabled": false,
            "id": "/aws/lambda/mcpjungle-mcp-launcher",
            "kms_key_id": "",
            "log_group_class": "STANDARD",
            "name": "/aws/lambda/mcpjungle-mcp-launcher",
            "name_prefix": "",
            "region": "us-east-1",
            "retention_in_days": 14,
            "skip_destroy": false,
            "tags": {
              "Name": "mcpjungle-mcp-launcher-logs"
            },
            "tags_all": {
              "Environment": "dev",
              "ManagedBy": "terraform",
              "Name": "mcpjungle-mcp-launcher-logs",
              "Project": "mcpjungle"
            }
          },
          "sensitive_attributes": [],
          "identity_schema_version": 0,
          "identity": {
            "account_id": "729387880063",
            "name": "/aws/lambda/mcpjungle-mcp-launcher",
            "region": "us-east-1"
          },
          "private": "bnVsbA=="
        }
      ]
    },
    {
      "mode": "managed",
      "type": "aws_ecr_lifecycle_policy",
      "name": "adapter_repo_policy",
      "provider": "provider[\"registry.terraform.io/hashicorp/aws\"]",
      "instances": [
        {
          "schema_version": 0,
          "attributes": {
            "id": "mcpjungle-mcp-dynamic-adapter",
            "policy": "{\"rules\":[{\"action\":{\"type\":\"expire\"},\"description\":\"Keep only last 10 images\",\"rulePriority\":1,\"selection\":{\"countNumber\":10,\"countType\":\"imageCountMoreThan\",\"tagStatus\":\"any\"}}]}",
            "region": "us-east-1",
            "registry_id": "729387880063",
            "repository": "mcpjungle-mcp-dynamic-adapter"
          },
          "sensitive_attributes": [],
          "identity_schema_version": 0,
          "identity": {
            "account_id": "729387880063",
            "region": "us-east-1",
            "repository": "mcpjungle-mcp-dynamic-adapter"
          },
          "private": "bnVsbA==",
          "dependencies": [
            "aws_ecr_repository.adapter_repo"
          ]
        }
      ]
    },
    {
      "mode": "managed",
      "type": "aws_ecr_repository",
      "name": "adapter_repo",
      "provider": "provider[\"registry.terraform.io/hashicorp/aws\"]",
      "instances": [
        {
          "schema_version": 0,
          "attributes": {
            "arn": "arn:aws:ecr:us-east-1:729387880063:repository/mcpjungle-mcp-dynamic-adapter",
            "encryption_configuration": [
              {
                "encryption_type": "AES256",
                "kms_key": ""
              }
            ],
            "force_delete": true,
            "id": "mcpjungle-mcp-dynamic-adapter",
            "image_scanning_configuration": [
              {
                "scan_on_push": true
              }
            ],
            "image_tag_mutability": "MUTABLE",
            "image_tag_mutability_exclusion_filter": [],
            "name": "mcpjungle-mcp-dynamic-adapter",
            "region": "us-east-1",
            "registry_id": "729387880063",
            "repository_url": "729387880063.dkr.ecr.us-east-1.amazonaws.com/mcpjungle-mcp-dynamic-adapter",
            "tags": {
              "Name": "mcpjungle-mcp-dynamic-adapter"
            },
            "tags_all": {
              "Environment": "dev",
              "ManagedBy": "terraform",
              "Name": "mcpjungle-mcp-dynamic-adapter",
              "Project": "mcpjungle"
            },
            "timeouts": null
          },
          "sensitive_attributes": [],
          "identity_schema_version": 0,
          "identity": {
            "account_id": "729387880063",
            "name": "mcpjungle-mcp-dynamic-adapter",
            "region": "us-east-1"
          },
          "private": "eyJlMmJmYjczMC1lY2FhLTExZTYtOGY4OC0zNDM2M2JjN2M0YzAiOnsiZGVsZXRlIjoxMjAwMDAwMDAwMDAwfX0="
        }
      ]
    },
    {
      "mode": "managed",
      "type": "aws_iam_role",
      "name": "lambda_exec",
      "provider": "provider[\"registry.terraform.io/hashicorp/aws\"]",
      "instances": [
        {
          "schema_version": 0,
          "attributes": {
            "arn": "arn:aws:iam::729387880063:role/mcpjungle-mcp_dynamic_role",
            "assume_role_policy": "{\"Statement\":[{\"Action\":\"sts:AssumeRole\",\"Effect\":\"Allow\",\"Principal\":{\"Service\":\"lambda.amazonaws.com\"}}],\"Version\":\"2012-10-17\"}",
            "create_date": "2026-01-21T00:09:19Z",
            "description": "",
            "force_detach_policies": false,
            "id": "mcpjungle-mcp_dynamic_role",
            "inline_policy": [
              {
                "name": "mcpjungle-mcp_dynamic_role-s3-access",
                "policy": "{\"Version\":\"2012-10-17\",\"Statement\":[{\"Action\":[\"s3:GetObject\",\"s3:HeadObject\"],\"Effect\":\"Allow\",\"Resource\":\"arn:aws:s3:::mcp-tools-20260121000919294600000001/*\"},{\"Action\":[\"s3:ListBucket\"],\"Effect\":\"Allow\",\"Resource\":\"arn:aws:s3:::mcp-tools-20260121000919294600000001\"}]}"
              }
            ],
            "managed_policy_arns": [
              "arn:aws:iam::aws:policy/service-role/AWSLambdaBasicExecutionRole"
            ],
            "max_session_duration": 3600,
            "name": "mcpjungle-mcp_dynamic_role",
            "name_prefix": "",
            "path": "/",
            "permissions_boundary": "",
            "tags": {
              "Name": "mcpjungle-mcp_dynamic_role"
            },
            "tags_all": {
              "Environment": "dev",
              "ManagedBy": "terraform",
              "Name": "mcpjungle-mcp_dynamic_role",
              "Project": "mcpjungle"
            },
            "unique_id": "AROA2TUXHZZ73OGGMNL2V"
          },
          "sensitive_attributes": [],
          "identity_schema_version": 0,
          "identity": {
            "account_id": "729387880063",
            "name": "mcpjungle-mcp_dynamic_role"
          },
          "private": "bnVsbA=="
        }
      ]
    },
    {
      "mode": "managed",
      "type": "aws_iam_role_policy",
      "name": "lambda_s3_access",
      "provider": "provider[\"registry.terraform.io/hashicorp/aws\"]",
      "instances": [
        {
          "schema_version": 0,
          "attributes": {
            "id": "mcpjungle-mcp_dynamic_role:mcpjungle-mcp_dynamic_role-s3-access",
            "name": "mcpjungle-mcp_dynamic_role-s3-access",
            "name_prefix": "",
            "policy": "{\"Version\":\"2012-10-17\",\"Statement\":[{\"Action\":[\"s3:GetObject\",\"s3:HeadObject\"],\"Effect\":\"Allow\",\"Resource\":\"arn:aws:s3:::mcp-tools-20260121000919294600000001/*\"},{\"Action\":[\"s3:ListBucket\"],\"Effect\":\"Allow\",\"Resource\":\"arn:aws:s3:::mcp-tools-20260121000919294600000001\"}]}",
            "role": "mcpjungle-mcp_dynamic_role"
          },
          "sensitive_attributes": [],
          "identity_schema_version": 0,
          "identity": {
            "account_id": "729387880063",
            "name": "mcpjungle-mcp_dynamic_role-s3-access",
            "role": "mcpjungle-mcp_dynamic_role"
          },
          "private": "bnVsbA==",
          "dependencies": [
            "aws_iam_role.lambda_exec",
            "aws_s3_bucket.artifacts"
          ]
        }
      ]
    },
    {
      "mode": "managed",
      "type": "aws_iam_role_policy_attachment",
      "name": "lambda_logs",
      "provider": "provider[\"registry.terraform.io/hashicorp/aws\"]",
      "instances": [
        {
          "schema_version": 0,
          "attributes": {
            "id": "mcpjungle-mcp_dynamic_role/arn:aws:iam::aws:policy/service-role/AWSLambdaBasicExecutionRole",
            "policy_arn": "arn:aws:iam::aws:policy/service-role/AWSLambdaBasicExecutionRole",
            "role": "mcpjungle-mcp_dynamic_role"
          },
          "sensitive_attributes": [],
          "identity_schema_version": 0,
          "identity": {
            "account_id": "729387880063",
            "policy_arn": "arn:aws:iam::aws:policy/service-role/AWSLambdaBasicExecutionRole",
            "role": "mcpjungle-mcp_dynamic_role"
          },
          "private": "bnVsbA==",
          "dependencies": [
            "aws_iam_role.lambda_exec"
          ]
        }
      ]
    },
    {
      "mode": "managed",
      "type": "aws_s3_bucket",
      "name": "artifacts",
      "provider": "provider[\"registry.terraform.io/hashicorp/aws\"]",
      "instances": [
        {
          "schema_version": 0,
          "attributes": {
            "acceleration_status": "",
            "acl": null,
            "arn": "arn:aws:s3:::mcp-tools-20260121000919294600000001",
            "bucket": "mcp-tools-20260121000919294600000001",
            "bucket_domain_name": "mcp-tools-20260121000919294600000001.s3.amazonaws.com",
            "bucket_prefix": "mcp-tools-",
            "bucket_region": "us-east-1",
            "bucket_regional_domain_name": "mcp-tools-20260121000919294600000001.s3.us-east-1.amazonaws.com",
            "cors_rule": [],
            "force_destroy": true,
            "grant": [
              {
                "id": "dc2f2b4a70f9842fcfbab8f41ae8bced65b76c0ec399cae7c5f6c1a269ba834a",
                "permissions": [
                  "FULL_CONTROL"
                ],
                "type": "CanonicalUser",
                "uri": ""
              }
            ],
            "hosted_zone_id": "Z3AQBSTGFYJSTF",
            "id": "mcp-tools-20260121000919294600000001",
            "lifecycle_rule": [],
            "logging": [],
            "object_lock_configuration": [],
            "object_lock_enabled": false,
            "policy": "",
            "region": "us-east-1",
            "replication_configuration": [],
            "request_payer": "BucketOwner",
            "server_side_encryption_configuration": [
              {
                "rule": [
                  {
                    "apply_server_side_encryption_by_default": [
                      {
                        "kms_master_key_id": "",
                        "sse_algorithm": "AES256"
                      }
                    ],
                    "bucket_key_enabled": false
                  }
                ]
              }
            ],
            "tags": {
              "Name": "mcpjungle-mcp-tools"
            },
            "tags_all": {
              "Environment": "dev",
              "ManagedBy": "terraform",
              "Name": "mcpjungle-mcp-tools",
              "Project": "mcpjungle"
            },
            "timeouts": null,
            "versioning": [
              {
                "enabled": true,
                "mfa_delete": false
              }
            ],
            "website": [],
            "website_domain": null,
            "website_endpoint": null
          },
          "sensitive_attributes": [],
          "identity_schema_version": 0,
          "identity": {
            "account_id": "729387880063",
            "bucket": "mcp-tools-20260121000919294600000001",
            "region": "us-east-1"
          },
          "private": "eyJlMmJmYjczMC1lY2FhLTExZTYtOGY4OC0zNDM2M2JjN2M0YzAiOnsiY3JlYXRlIjoxMjAwMDAwMDAwMDAwLCJkZWxldGUiOjM2MDAwMDAwMDAwMDAsInJlYWQiOjEyMDAwMDAwMDAwMDAsInVwZGF0ZSI6MTIwMDAwMDAwMDAwMH19"
        }
      ]
    },
    {
      "mode": "managed",
      "type": "aws_s3_bucket_public_access_block",
      "name": "artifacts",
      "provider": "provider[\"registry.terraform.io/hashicorp/aws\"]",
      "instances": [
        {
          "schema_version": 0,
          "attributes": {
            "block_public_acls": true,
            "block_public_policy": true,
            "bucket": "mcp-tools-20260121000919294600000001",
            "id": "mcp-tools-20260121000919294600000001",
            "ignore_public_acls": true,
            "region": "us-east-1",
            "restrict_public_buckets": true,
            "skip_destroy": null
          },
          "sensitive_attributes": [],
          "identity_schema_version": 0,
          "identity": {
            "account_id": "729387880063",
            "bucket": "mcp-tools-20260121000919294600000001",
            "region": "us-east-1"
          },
          "private": "bnVsbA==",
          "dependencies": [
            "aws_s3_bucket.artifacts"
          ]
        }
      ]
    },
    {
      "mode": "managed",
      "type": "aws_s3_bucket_versioning",
      "name": "artifacts",
      "provider": "provider[\"registry.terraform.io/hashicorp/aws\"]",
      "instances": [
        {
          "schema_version": 0,
          "attributes": {
            "bucket": "mcp-tools-20260121000919294600000001",
            "expected_bucket_owner": "",
            "id": "mcp-tools-20260121000919294600000001",
            "mfa": null,
            "region": "us-east-1",
            "versioning_configuration": [
              {
                "mfa_delete": "",
                "status": "Enabled"
              }
            ]
          },
          "sensitive_attributes": [],
          "identity_schema_version": 0,
          "identity": {
            "account_id": "729387880063",
            "bucket": "mcp-tools-20260121000919294600000001",
            "expected_bucket_owner": null,
            "region": "us-east-1"
          },
          "private": "bnVsbA==",
          "dependencies": [
            "aws_s3_bucket.artifacts"
          ]
        }
      ]
    }
  ],
  "check_results": [
    {
      "object_kind": "var",
      "config_addr": "var.lambda_ephemeral_storage",
      "status": "pass",
      "objects": [
        {
          "object_addr": "var.lambda_ephemeral_storage",
          "status": "pass"
        }
      ]
    },
    {
      "object_kind": "var",
      "config_addr": "var.lambda_url_authorization",
      "status": "pass",
      "objects": [
        {
          "object_addr": "var.lambda_url_authorization",
          "status": "pass"
        }
      ]
    },
    {
      "object_kind": "var",
      "config_addr": "var.lambda_timeout",
      "status": "pass",
      "objects": [
        {
          "object_addr": "var.lambda_timeout",
          "status": "pass"
        }
      ]
    },
    {
      "object_kind": "var",
      "config_addr": "var.lambda_memory_size",
      "status": "pass",
      "objects": [
        {
          "object_addr": "var.lambda_memory_size",
          "status": "pass"
        }
      ]
    }
  ]
}
